
Microsoft Visual Studio Solution File, Format Version 12.00
# Visual Studio Version 16
VisualStudioVersion = 16.0.31410.357
MinimumVisualStudioVersion = 10.0.40219.1
Project("{FAE04EC0-301F-11D3-BF4B-00C04F79EFBC}") = "ShopBridge.API", "ShopBridge.API\ShopBridge.API.csproj", "{AE856BD5-FC40-47A7-90B2-C356D6009F0E}"
EndProject
Global
	GlobalSection(SolutionConfigurationPlatforms) = preSolution
		Debug|Any CPU = Debug|Any CPU
		Release|Any CPU = Release|Any CPU
	EndGlobalSection
	GlobalSection(ProjectConfigurationPlatforms) = postSolution
		{AE856BD5-FC40-47A7-90B2-C356D6009F0E}.Debug|Any CPU.ActiveCfg = Debug|Any CPU
		{AE856BD5-FC40-47A7-90B2-C356D6009F0E}.Debug|Any CPU.Build.0 = Debug|Any CPU
		{AE856BD5-FC40-47A7-90B2-C356D6009F0E}.Release|Any CPU.ActiveCfg = Release|Any CPU
		{AE856BD5-FC40-47A7-90B2-C356D6009F0E}.Release|Any CPU.Build.0 = Release|Any CPU
	EndGlobalSection
	GlobalSection(SolutionProperties) = preSolution
		HideSolutionNode = FALSE
	EndGlobalSection
	GlobalSection(ExtensibilityGlobals) = postSolution
		SolutionGuid = {F5CA1CED-BBA1-4585-82DE-027A3D32C5E8}
	EndGlobalSection
EndGlobal
